{
  "name": "short-url-node",
  "lockfileVersion": 3,
  "requires": true,
  "packages": {
    "": {
      "dependencies": {
        "react-router-dom": "^6.21.1"
      }
    },
    "node_modules/@remix-run/router": {
      "version": "1.14.1",
      "resolved": "https://registry.npmjs.org/@remix-run/router/-/router-1.14.1.tgz",
      "integrity": "sha512-Qg4DMQsfPNAs88rb2xkdk03N3bjK4jgX5fR24eHCTR9q6PrhZQZ4UJBPzCHJkIpTRN1UKxx2DzjZmnC+7Lj0Ow==",
      "engines": {
        "node": ">=14.0.0"
      }
    },
    "node_modules/react-router": {
      "version": "6.21.1",
      "resolved": "https://registry.npmjs.org/react-router/-/react-router-6.21.1.tgz",
      "integrity": "sha512-W0l13YlMTm1YrpVIOpjCADJqEUpz1vm+CMo47RuFX4Ftegwm6KOYsL5G3eiE52jnJpKvzm6uB/vTKTPKM8dmkA==",
      "dependencies": {
        "@remix-run/router": "1.14.1"
      },
      "engines": {
        "node": ">=14.0.0"
      },
      "peerDependencies": {
        "react": ">=16.8"
      }
    },
    "node_modules/react-router-dom": {
      "version": "6.21.1",
      "resolved": "https://registry.npmjs.org/react-router-dom/-/react-router-dom-6.21.1.tgz",
      "integrity": "sha512-QCNrtjtDPwHDO+AO21MJd7yIcr41UetYt5jzaB9Y1UYaPTCnVuJq6S748g1dE11OQlCFIQg+RtAA1SEZIyiBeA==",
      "dependencies": {
        "@remix-run/router": "1.14.1",
        "react-router": "6.21.1"
      },
      "engines": {
        "node": ">=14.0.0"
      },
      "peerDependencies": {
        "react": ">=16.8",
        "react-dom": ">=16.8"
      }
    }
  }
}
